
Microsoft Visual Studio Solution File, Format Version 12.00
# Visual Studio Version 17
VisualStudioVersion = 17.0.31903.59
MinimumVisualStudioVersion = 10.0.40219.1
Project("{2150E333-8FDC-42A3-9474-1A3956D46DE8}") = "src", "src", "{06FEA316-AACA-4FCA-AC74-E175C28045A3}"
EndProject
Project("{9A19103F-16F7-4668-BE54-9A1E7A4F7556}") = "HaikuWorld.Lib.Shared", "src\HaikuWorld.Lib.Shared\HaikuWorld.Lib.Shared.csproj", "{99DDB325-8A4E-4FC3-ABFF-63B6196E863A}"
EndProject
Project("{9A19103F-16F7-4668-BE54-9A1E7A4F7556}") = "HaikuWorld.Lib.Application", "src\HaikuWorld.Lib.Application\HaikuWorld.Lib.Application.csproj", "{7269BFD8-875D-4CA8-9ABC-3A2C94E0E695}"
EndProject
Project("{9A19103F-16F7-4668-BE54-9A1E7A4F7556}") = "HaikuWorld.Lib.Domain", "src\HaikuWorld.Lib.Domain\HaikuWorld.Lib.Domain.csproj", "{C4474AEC-3A05-4010-9238-236FE4CE12C2}"
EndProject
Project("{9A19103F-16F7-4668-BE54-9A1E7A4F7556}") = "HaikuWorld.Lib.Infrastructure", "src\HaikuWorld.Lib.Infrastructure\HaikuWorld.Lib.Infrastructure.csproj", "{5297AAD0-4EEC-403E-98A0-6FDD4FF16405}"
EndProject
Project("{9A19103F-16F7-4668-BE54-9A1E7A4F7556}") = "HaikuWorld.Web.Api", "src\HaikuWorld.Web.Api\HaikuWorld.Web.Api.csproj", "{17AB4E03-62F6-4077-8C6C-6A5BC0A45037}"
EndProject
Project("{9A19103F-16F7-4668-BE54-9A1E7A4F7556}") = "HaikuWorld.Lib.Query", "src\HaikuWorld.Lib.Query\HaikuWorld.Lib.Query.csproj", "{963FC75E-4F34-4E2C-B931-E93A45C3F5F8}"
EndProject
Project("{FAE04EC0-301F-11D3-BF4B-00C04F79EFBC}") = "HaikuWorld.Test.Unit", "src\HaikuWorld.Test.Unit\HaikuWorld.Test.Unit.csproj", "{515C3E2D-975D-4E85-910C-096EC9195EBA}"
EndProject
Global
	GlobalSection(SolutionConfigurationPlatforms) = preSolution
		Debug|Any CPU = Debug|Any CPU
		Release|Any CPU = Release|Any CPU
	EndGlobalSection
	GlobalSection(ProjectConfigurationPlatforms) = postSolution
		{99DDB325-8A4E-4FC3-ABFF-63B6196E863A}.Debug|Any CPU.ActiveCfg = Debug|Any CPU
		{99DDB325-8A4E-4FC3-ABFF-63B6196E863A}.Debug|Any CPU.Build.0 = Debug|Any CPU
		{99DDB325-8A4E-4FC3-ABFF-63B6196E863A}.Release|Any CPU.ActiveCfg = Release|Any CPU
		{99DDB325-8A4E-4FC3-ABFF-63B6196E863A}.Release|Any CPU.Build.0 = Release|Any CPU
		{7269BFD8-875D-4CA8-9ABC-3A2C94E0E695}.Debug|Any CPU.ActiveCfg = Debug|Any CPU
		{7269BFD8-875D-4CA8-9ABC-3A2C94E0E695}.Debug|Any CPU.Build.0 = Debug|Any CPU
		{7269BFD8-875D-4CA8-9ABC-3A2C94E0E695}.Release|Any CPU.ActiveCfg = Release|Any CPU
		{7269BFD8-875D-4CA8-9ABC-3A2C94E0E695}.Release|Any CPU.Build.0 = Release|Any CPU
		{C4474AEC-3A05-4010-9238-236FE4CE12C2}.Debug|Any CPU.ActiveCfg = Debug|Any CPU
		{C4474AEC-3A05-4010-9238-236FE4CE12C2}.Debug|Any CPU.Build.0 = Debug|Any CPU
		{C4474AEC-3A05-4010-9238-236FE4CE12C2}.Release|Any CPU.ActiveCfg = Release|Any CPU
		{C4474AEC-3A05-4010-9238-236FE4CE12C2}.Release|Any CPU.Build.0 = Release|Any CPU
		{5297AAD0-4EEC-403E-98A0-6FDD4FF16405}.Debug|Any CPU.ActiveCfg = Debug|Any CPU
		{5297AAD0-4EEC-403E-98A0-6FDD4FF16405}.Debug|Any CPU.Build.0 = Debug|Any CPU
		{5297AAD0-4EEC-403E-98A0-6FDD4FF16405}.Release|Any CPU.ActiveCfg = Release|Any CPU
		{5297AAD0-4EEC-403E-98A0-6FDD4FF16405}.Release|Any CPU.Build.0 = Release|Any CPU
		{17AB4E03-62F6-4077-8C6C-6A5BC0A45037}.Debug|Any CPU.ActiveCfg = Debug|Any CPU
		{17AB4E03-62F6-4077-8C6C-6A5BC0A45037}.Debug|Any CPU.Build.0 = Debug|Any CPU
		{17AB4E03-62F6-4077-8C6C-6A5BC0A45037}.Release|Any CPU.ActiveCfg = Release|Any CPU
		{17AB4E03-62F6-4077-8C6C-6A5BC0A45037}.Release|Any CPU.Build.0 = Release|Any CPU
		{963FC75E-4F34-4E2C-B931-E93A45C3F5F8}.Debug|Any CPU.ActiveCfg = Debug|Any CPU
		{963FC75E-4F34-4E2C-B931-E93A45C3F5F8}.Debug|Any CPU.Build.0 = Debug|Any CPU
		{963FC75E-4F34-4E2C-B931-E93A45C3F5F8}.Release|Any CPU.ActiveCfg = Release|Any CPU
		{963FC75E-4F34-4E2C-B931-E93A45C3F5F8}.Release|Any CPU.Build.0 = Release|Any CPU
		{515C3E2D-975D-4E85-910C-096EC9195EBA}.Debug|Any CPU.ActiveCfg = Debug|Any CPU
		{515C3E2D-975D-4E85-910C-096EC9195EBA}.Debug|Any CPU.Build.0 = Debug|Any CPU
		{515C3E2D-975D-4E85-910C-096EC9195EBA}.Release|Any CPU.ActiveCfg = Release|Any CPU
		{515C3E2D-975D-4E85-910C-096EC9195EBA}.Release|Any CPU.Build.0 = Release|Any CPU
	EndGlobalSection
	GlobalSection(SolutionProperties) = preSolution
		HideSolutionNode = FALSE
	EndGlobalSection
	GlobalSection(NestedProjects) = preSolution
		{99DDB325-8A4E-4FC3-ABFF-63B6196E863A} = {06FEA316-AACA-4FCA-AC74-E175C28045A3}
		{7269BFD8-875D-4CA8-9ABC-3A2C94E0E695} = {06FEA316-AACA-4FCA-AC74-E175C28045A3}
		{C4474AEC-3A05-4010-9238-236FE4CE12C2} = {06FEA316-AACA-4FCA-AC74-E175C28045A3}
		{5297AAD0-4EEC-403E-98A0-6FDD4FF16405} = {06FEA316-AACA-4FCA-AC74-E175C28045A3}
		{17AB4E03-62F6-4077-8C6C-6A5BC0A45037} = {06FEA316-AACA-4FCA-AC74-E175C28045A3}
		{963FC75E-4F34-4E2C-B931-E93A45C3F5F8} = {06FEA316-AACA-4FCA-AC74-E175C28045A3}
		{515C3E2D-975D-4E85-910C-096EC9195EBA} = {06FEA316-AACA-4FCA-AC74-E175C28045A3}
	EndGlobalSection
	GlobalSection(ExtensibilityGlobals) = postSolution
		SolutionGuid = {83B08485-6557-44E2-975B-D93698A4B45C}
	EndGlobalSection
EndGlobal
