
Microsoft Visual Studio Solution File, Format Version 12.00
# Visual Studio Version 17
VisualStudioVersion = 17.0.31903.59
MinimumVisualStudioVersion = 10.0.40219.1
Project("{2150E333-8FDC-42A3-9474-1A3956D46DE8}") = "src", "src", "{06FEA316-AACA-4FCA-AC74-E175C28045A3}"
EndProject
Project("{FAE04EC0-301F-11D3-BF4B-00C04F79EFBC}") = "HaikuWorld.Api", "src\HaikuWorld.Api\HaikuWorld.Api.csproj", "{EDE3CBBE-2D19-4FAD-A6A2-18F80725ECFD}"
EndProject
Global
	GlobalSection(SolutionConfigurationPlatforms) = preSolution
		Debug|Any CPU = Debug|Any CPU
		Release|Any CPU = Release|Any CPU
	EndGlobalSection
	GlobalSection(SolutionProperties) = preSolution
		HideSolutionNode = FALSE
	EndGlobalSection
	GlobalSection(ProjectConfigurationPlatforms) = postSolution
		{EDE3CBBE-2D19-4FAD-A6A2-18F80725ECFD}.Debug|Any CPU.ActiveCfg = Debug|Any CPU
		{EDE3CBBE-2D19-4FAD-A6A2-18F80725ECFD}.Debug|Any CPU.Build.0 = Debug|Any CPU
		{EDE3CBBE-2D19-4FAD-A6A2-18F80725ECFD}.Release|Any CPU.ActiveCfg = Release|Any CPU
		{EDE3CBBE-2D19-4FAD-A6A2-18F80725ECFD}.Release|Any CPU.Build.0 = Release|Any CPU
	EndGlobalSection
	GlobalSection(NestedProjects) = preSolution
		{EDE3CBBE-2D19-4FAD-A6A2-18F80725ECFD} = {06FEA316-AACA-4FCA-AC74-E175C28045A3}
	EndGlobalSection
EndGlobal
